
Microsoft Visual Studio Solution File, Format Version 12.00
# Visual Studio Version 17
VisualStudioVersion = 17.6.33815.320
MinimumVisualStudioVersion = 10.0.40219.1
Project("{FAE04EC0-301F-11D3-BF4B-00C04F79EFBC}") = "Slot_Machine", "Slot_Machine.csproj", "{55A8EDAC-4F09-4AE7-93B7-2E82A23418F5}"
EndProject
Global
	GlobalSection(SolutionConfigurationPlatforms) = preSolution
		Debug|Any CPU = Debug|Any CPU
		Release|Any CPU = Release|Any CPU
	EndGlobalSection
	GlobalSection(ProjectConfigurationPlatforms) = postSolution
		{55A8EDAC-4F09-4AE7-93B7-2E82A23418F5}.Debug|Any CPU.ActiveCfg = Debug|Any CPU
		{55A8EDAC-4F09-4AE7-93B7-2E82A23418F5}.Debug|Any CPU.Build.0 = Debug|Any CPU
		{55A8EDAC-4F09-4AE7-93B7-2E82A23418F5}.Release|Any CPU.ActiveCfg = Release|Any CPU
		{55A8EDAC-4F09-4AE7-93B7-2E82A23418F5}.Release|Any CPU.Build.0 = Release|Any CPU
	EndGlobalSection
	GlobalSection(SolutionProperties) = preSolution
		HideSolutionNode = FALSE
	EndGlobalSection
	GlobalSection(ExtensibilityGlobals) = postSolution
		SolutionGuid = {E84C258E-2D64-48F6-AAD5-6205D7FF0036}
	EndGlobalSection
EndGlobal
